// !$*UTF8*$!
{
	archiveVersion = 1;
	classes = {
	};
	objectVersion = 56;
	objects = {

/* Begin PBXBuildFile section */
		5C5528F728E0928E0014A289 /* ViewModel.swift in Sources */ = {isa = PBXBuildFile; fileRef = 5C5528F628E0928E0014A289 /* ViewModel.swift */; };
		5C78982728DF055B008BDFAC /* CollectionViewCell.swift in Sources */ = {isa = PBXBuildFile; fileRef = 5C78982528DF055B008BDFAC /* CollectionViewCell.swift */; };
		5C78982828DF055B008BDFAC /* CollectionViewCell.xib in Resources */ = {isa = PBXBuildFile; fileRef = 5C78982628DF055B008BDFAC /* CollectionViewCell.xib */; };
		5C78982B28DF26D4008BDFAC /* Response.swift in Sources */ = {isa = PBXBuildFile; fileRef = 5C78982A28DF26D4008BDFAC /* Response.swift */; };
		5C78982D28DF284B008BDFAC /* Owner.swift in Sources */ = {isa = PBXBuildFile; fileRef = 5C78982C28DF284B008BDFAC /* Owner.swift */; };
		5C78983028DF2B8C008BDFAC /* FetchRepository.swift in Sources */ = {isa = PBXBuildFile; fileRef = 5C78982F28DF2B8C008BDFAC /* FetchRepository.swift */; };
		5C78983228DF2D8A008BDFAC /* StaticURLs.swift in Sources */ = {isa = PBXBuildFile; fileRef = 5C78983128DF2D8A008BDFAC /* StaticURLs.swift */; };
		5CB0AA0C28DECDC100FD4FF1 /* AppDelegate.swift in Sources */ = {isa = PBXBuildFile; fileRef = 5CB0AA0B28DECDC100FD4FF1 /* AppDelegate.swift */; };
		5CB0AA0E28DECDC100FD4FF1 /* SceneDelegate.swift in Sources */ = {isa = PBXBuildFile; fileRef = 5CB0AA0D28DECDC100FD4FF1 /* SceneDelegate.swift */; };
		5CB0AA1028DECDC100FD4FF1 /* ViewController.swift in Sources */ = {isa = PBXBuildFile; fileRef = 5CB0AA0F28DECDC100FD4FF1 /* ViewController.swift */; };
		5CB0AA1328DECDC100FD4FF1 /* Main.storyboard in Resources */ = {isa = PBXBuildFile; fileRef = 5CB0AA1128DECDC100FD4FF1 /* Main.storyboard */; };
		5CB0AA1528DECDC100FD4FF1 /* Assets.xcassets in Resources */ = {isa = PBXBuildFile; fileRef = 5CB0AA1428DECDC100FD4FF1 /* Assets.xcassets */; };
		5CB0AA1828DECDC100FD4FF1 /* LaunchScreen.storyboard in Resources */ = {isa = PBXBuildFile; fileRef = 5CB0AA1628DECDC100FD4FF1 /* LaunchScreen.storyboard */; };
/* End PBXBuildFile section */

/* Begin PBXFileReference section */
		5C5528F628E0928E0014A289 /* ViewModel.swift */ = {isa = PBXFileReference; lastKnownFileType = sourcecode.swift; path = ViewModel.swift; sourceTree = "<group>"; };
		5C78982528DF055B008BDFAC /* CollectionViewCell.swift */ = {isa = PBXFileReference; lastKnownFileType = sourcecode.swift; path = CollectionViewCell.swift; sourceTree = "<group>"; };
		5C78982628DF055B008BDFAC /* CollectionViewCell.xib */ = {isa = PBXFileReference; lastKnownFileType = file.xib; path = CollectionViewCell.xib; sourceTree = "<group>"; };
		5C78982A28DF26D4008BDFAC /* Response.swift */ = {isa = PBXFileReference; lastKnownFileType = sourcecode.swift; path = Response.swift; sourceTree = "<group>"; };
		5C78982C28DF284B008BDFAC /* Owner.swift */ = {isa = PBXFileReference; lastKnownFileType = sourcecode.swift; path = Owner.swift; sourceTree = "<group>"; };
		5C78982F28DF2B8C008BDFAC /* FetchRepository.swift */ = {isa = PBXFileReference; lastKnownFileType = sourcecode.swift; path = FetchRepository.swift; sourceTree = "<group>"; };
		5C78983128DF2D8A008BDFAC /* StaticURLs.swift */ = {isa = PBXFileReference; lastKnownFileType = sourcecode.swift; path = StaticURLs.swift; sourceTree = "<group>"; };
		5CB0AA0828DECDC100FD4FF1 /* GithubRipoList.app */ = {isa = PBXFileReference; explicitFileType = wrapper.application; includeInIndex = 0; path = GithubRipoList.app; sourceTree = BUILT_PRODUCTS_DIR; };
		5CB0AA0B28DECDC100FD4FF1 /* AppDelegate.swift */ = {isa = PBXFileReference; lastKnownFileType = sourcecode.swift; path = AppDelegate.swift; sourceTree = "<group>"; };
		5CB0AA0D28DECDC100FD4FF1 /* SceneDelegate.swift */ = {isa = PBXFileReference; lastKnownFileType = sourcecode.swift; path = SceneDelegate.swift; sourceTree = "<group>"; };
		5CB0AA0F28DECDC100FD4FF1 /* ViewController.swift */ = {isa = PBXFileReference; lastKnownFileType = sourcecode.swift; path = ViewController.swift; sourceTree = "<group>"; };
		5CB0AA1228DECDC100FD4FF1 /* Base */ = {isa = PBXFileReference; lastKnownFileType = file.storyboard; name = Base; path = Base.lproj/Main.storyboard; sourceTree = "<group>"; };
		5CB0AA1428DECDC100FD4FF1 /* Assets.xcassets */ = {isa = PBXFileReference; lastKnownFileType = folder.assetcatalog; path = Assets.xcassets; sourceTree = "<group>"; };
		5CB0AA1728DECDC100FD4FF1 /* Base */ = {isa = PBXFileReference; lastKnownFileType = file.storyboard; name = Base; path = Base.lproj/LaunchScreen.storyboard; sourceTree = "<group>"; };
		5CB0AA1928DECDC100FD4FF1 /* Info.plist */ = {isa = PBXFileReference; lastKnownFileType = text.plist.xml; path = Info.plist; sourceTree = "<group>"; };
/* End PBXFileReference section */

/* Begin PBXFrameworksBuildPhase section */
		5CB0AA0528DECDC100FD4FF1 /* Frameworks */ = {
			isa = PBXFrameworksBuildPhase;
			buildActionMask = 2147483647;
			files = (
			);
			runOnlyForDeploymentPostprocessing = 0;
		};
/* End PBXFrameworksBuildPhase section */

/* Begin PBXGroup section */
		5C5528F528E081750014A289 /* CellView */ = {
			isa = PBXGroup;
			children = (
				5C78982628DF055B008BDFAC /* CollectionViewCell.xib */,
				5C78982528DF055B008BDFAC /* CollectionViewCell.swift */,
			);
			path = CellView;
			sourceTree = "<group>";
		};
		5C78982928DF24F5008BDFAC /* Models */ = {
			isa = PBXGroup;
			children = (
				5C78982E28DF2B41008BDFAC /* Extension */,
				5C78982A28DF26D4008BDFAC /* Response.swift */,
				5C78982C28DF284B008BDFAC /* Owner.swift */,
			);
			path = Models;
			sourceTree = "<group>";
		};
		5C78982E28DF2B41008BDFAC /* Extension */ = {
			isa = PBXGroup;
			children = (
				5C78982F28DF2B8C008BDFAC /* FetchRepository.swift */,
			);
			path = Extension;
			sourceTree = "<group>";
		};
		5CB0A9FF28DECDC100FD4FF1 = {
			isa = PBXGroup;
			children = (
				5CB0AA0A28DECDC100FD4FF1 /* GithubRipoList */,
				5CB0AA0928DECDC100FD4FF1 /* Products */,
			);
			sourceTree = "<group>";
		};
		5CB0AA0928DECDC100FD4FF1 /* Products */ = {
			isa = PBXGroup;
			children = (
				5CB0AA0828DECDC100FD4FF1 /* GithubRipoList.app */,
			);
			name = Products;
			sourceTree = "<group>";
		};
		5CB0AA0A28DECDC100FD4FF1 /* GithubRipoList */ = {
			isa = PBXGroup;
			children = (
				5CB0AA0B28DECDC100FD4FF1 /* AppDelegate.swift */,
				5CB0AA0D28DECDC100FD4FF1 /* SceneDelegate.swift */,
				5CB0AA1128DECDC100FD4FF1 /* Main.storyboard */,
				5CB0AA0F28DECDC100FD4FF1 /* ViewController.swift */,
				5C5528F628E0928E0014A289 /* ViewModel.swift */,
				5C5528F528E081750014A289 /* CellView */,
				5C78983128DF2D8A008BDFAC /* StaticURLs.swift */,
				5C78982928DF24F5008BDFAC /* Models */,
				5CB0AA1428DECDC100FD4FF1 /* Assets.xcassets */,
				5CB0AA1628DECDC100FD4FF1 /* LaunchScreen.storyboard */,
				5CB0AA1928DECDC100FD4FF1 /* Info.plist */,
			);
			path = GithubRipoList;
			sourceTree = "<group>";
		};
/* End PBXGroup section */

/* Begin PBXNativeTarget section */
		5CB0AA0728DECDC100FD4FF1 /* GithubRipoList */ = {
			isa = PBXNativeTarget;
			buildConfigurationList = 5CB0AA1C28DECDC100FD4FF1 /* Build configuration list for PBXNativeTarget "GithubRipoList" */;
			buildPhases = (
				5CB0AA0428DECDC100FD4FF1 /* Sources */,
				5CB0AA0528DECDC100FD4FF1 /* Frameworks */,
				5CB0AA0628DECDC100FD4FF1 /* Resources */,
			);
			buildRules = (
			);
			dependencies = (
			);
			name = GithubRipoList;
			productName = GithubRipoList;
			productReference = 5CB0AA0828DECDC100FD4FF1 /* GithubRipoList.app */;
			productType = "com.apple.product-type.application";
		};
/* End PBXNativeTarget section */

/* Begin PBXProject section */
		5CB0AA0028DECDC100FD4FF1 /* Project object */ = {
			isa = PBXProject;
			attributes = {
				BuildIndependentTargetsInParallel = 1;
				LastSwiftUpdateCheck = 1400;
				LastUpgradeCheck = 1400;
				TargetAttributes = {
					5CB0AA0728DECDC100FD4FF1 = {
						CreatedOnToolsVersion = 14.0;
					};
				};
			};
			buildConfigurationList = 5CB0AA0328DECDC100FD4FF1 /* Build configuration list for PBXProject "GithubRipoList" */;
			compatibilityVersion = "Xcode 14.0";
			developmentRegion = en;
			hasScannedForEncodings = 0;
			knownRegions = (
				en,
				Base,
			);
			mainGroup = 5CB0A9FF28DECDC100FD4FF1;
			productRefGroup = 5CB0AA0928DECDC100FD4FF1 /* Products */;
			projectDirPath = "";
			projectRoot = "";
			targets = (
				5CB0AA0728DECDC100FD4FF1 /* GithubRipoList */,
			);
		};
/* End PBXProject section */

/* Begin PBXResourcesBuildPhase section */
		5CB0AA0628DECDC100FD4FF1 /* Resources */ = {
			isa = PBXResourcesBuildPhase;
			buildActionMask = 2147483647;
			files = (
				5CB0AA1828DECDC100FD4FF1 /* LaunchScreen.storyboard in Resources */,
				5CB0AA1528DECDC100FD4FF1 /* Assets.xcassets in Resources */,
				5C78982828DF055B008BDFAC /* CollectionViewCell.xib in Resources */,
				5CB0AA1328DECDC100FD4FF1 /* Main.storyboard in Resources */,
			);
			runOnlyForDeploymentPostprocessing = 0;
		};
/* End PBXResourcesBuildPhase section */

/* Begin PBXSourcesBuildPhase section */
		5CB0AA0428DECDC100FD4FF1 /* Sources */ = {
			isa = PBXSourcesBuildPhase;
			buildActionMask = 2147483647;
			files = (
				5CB0AA1028DECDC100FD4FF1 /* ViewController.swift in Sources */,
				5C5528F728E0928E0014A289 /* ViewModel.swift in Sources */,
				5C78983228DF2D8A008BDFAC /* StaticURLs.swift in Sources */,
				5C78983028DF2B8C008BDFAC /* FetchRepository.swift in Sources */,
				5C78982D28DF284B008BDFAC /* Owner.swift in Sources */,
				5CB0AA0C28DECDC100FD4FF1 /* AppDelegate.swift in Sources */,
				5C78982728DF055B008BDFAC /* CollectionViewCell.swift in Sources */,
				5CB0AA0E28DECDC100FD4FF1 /* SceneDelegate.swift in Sources */,
				5C78982B28DF26D4008BDFAC /* Response.swift in Sources */,
			);
			runOnlyForDeploymentPostprocessing = 0;
		};
/* End PBXSourcesBuildPhase section */

/* Begin PBXVariantGroup section */
		5CB0AA1128DECDC100FD4FF1 /* Main.storyboard */ = {
			isa = PBXVariantGroup;
			children = (
				5CB0AA1228DECDC100FD4FF1 /* Base */,
			);
			name = Main.storyboard;
			sourceTree = "<group>";
		};
		5CB0AA1628DECDC100FD4FF1 /* LaunchScreen.storyboard */ = {
			isa = PBXVariantGroup;
			children = (
				5CB0AA1728DECDC100FD4FF1 /* Base */,
			);
			name = LaunchScreen.storyboard;
			sourceTree = "<group>";
		};
/* End PBXVariantGroup section */

/* Begin XCBuildConfiguration section */
		5CB0AA1A28DECDC100FD4FF1 /* Debug */ = {
			isa = XCBuildConfiguration;
			buildSettings = {
				ALWAYS_SEARCH_USER_PATHS = NO;
				CLANG_ANALYZER_NONNULL = YES;
				CLANG_ANALYZER_NUMBER_OBJECT_CONVERSION = YES_AGGRESSIVE;
				CLANG_CXX_LANGUAGE_STANDARD = "gnu++20";
				CLANG_ENABLE_MODULES = YES;
				CLANG_ENABLE_OBJC_ARC = YES;
				CLANG_ENABLE_OBJC_WEAK = YES;
				CLANG_WARN_BLOCK_CAPTURE_AUTORELEASING = YES;
				CLANG_WARN_BOOL_CONVERSION = YES;
				CLANG_WARN_COMMA = YES;
				CLANG_WARN_CONSTANT_CONVERSION = YES;
				CLANG_WARN_DEPRECATED_OBJC_IMPLEMENTATIONS = YES;
				CLANG_WARN_DIRECT_OBJC_ISA_USAGE = YES_ERROR;
				CLANG_WARN_DOCUMENTATION_COMMENTS = YES;
				CLANG_WARN_EMPTY_BODY = YES;
				CLANG_WARN_ENUM_CONVERSION = YES;
				CLANG_WARN_INFINITE_RECURSION = YES;
				CLANG_WARN_INT_CONVERSION = YES;
				CLANG_WARN_NON_LITERAL_NULL_CONVERSION = YES;
				CLANG_WARN_OBJC_IMPLICIT_RETAIN_SELF = YES;
				CLANG_WARN_OBJC_LITERAL_CONVERSION = YES;
				CLANG_WARN_OBJC_ROOT_CLASS = YES_ERROR;
				CLANG_WARN_QUOTED_INCLUDE_IN_FRAMEWORK_HEADER = YES;
				CLANG_WARN_RANGE_LOOP_ANALYSIS = YES;
				CLANG_WARN_STRICT_PROTOTYPES = YES;
				CLANG_WARN_SUSPICIOUS_MOVE = YES;
				CLANG_WARN_UNGUARDED_AVAILABILITY = YES_AGGRESSIVE;
				CLANG_WARN_UNREACHABLE_CODE = YES;
				CLANG_WARN__DUPLICATE_METHOD_MATCH = YES;
				COPY_PHASE_STRIP = NO;
				DEBUG_INFORMATION_FORMAT = dwarf;
				ENABLE_STRICT_OBJC_MSGSEND = YES;
				ENABLE_TESTABILITY = YES;
				GCC_C_LANGUAGE_STANDARD = gnu11;
				GCC_DYNAMIC_NO_PIC = NO;
				GCC_NO_COMMON_BLOCKS = YES;
				GCC_OPTIMIZATION_LEVEL = 0;
				GCC_PREPROCESSOR_DEFINITIONS = (
					"DEBUG=1",
					"$(inherited)",
				);
				GCC_WARN_64_TO_32_BIT_CONVERSION = YES;
				GCC_WARN_ABOUT_RETURN_TYPE = YES_ERROR;
				GCC_WARN_UNDECLARED_SELECTOR = YES;
				GCC_WARN_UNINITIALIZED_AUTOS = YES_AGGRESSIVE;
				GCC_WARN_UNUSED_FUNCTION = YES;
				GCC_WARN_UNUSED_VARIABLE = YES;
				IPHONEOS_DEPLOYMENT_TARGET = 16.0;
				MTL_ENABLE_DEBUG_INFO = INCLUDE_SOURCE;
				MTL_FAST_MATH = YES;
				ONLY_ACTIVE_ARCH = YES;
				SDKROOT = iphoneos;
				SWIFT_ACTIVE_COMPILATION_CONDITIONS = DEBUG;
				SWIFT_OPTIMIZATION_LEVEL = "-Onone";
			};
			name = Debug;
		};
		5CB0AA1B28DECDC100FD4FF1 /* Release */ = {
			isa = XCBuildConfiguration;
			buildSettings = {
				ALWAYS_SEARCH_USER_PATHS = NO;
				CLANG_ANALYZER_NONNULL = YES;
				CLANG_ANALYZER_NUMBER_OBJECT_CONVERSION = YES_AGGRESSIVE;
				CLANG_CXX_LANGUAGE_STANDARD = "gnu++20";
				CLANG_ENABLE_MODULES = YES;
				CLANG_ENABLE_OBJC_ARC = YES;
				CLANG_ENABLE_OBJC_WEAK = YES;
				CLANG_WARN_BLOCK_CAPTURE_AUTORELEASING = YES;
				CLANG_WARN_BOOL_CONVERSION = YES;
				CLANG_WARN_COMMA = YES;
				CLANG_WARN_CONSTANT_CONVERSION = YES;
				CLANG_WARN_DEPRECATED_OBJC_IMPLEMENTATIONS = YES;
				CLANG_WARN_DIRECT_OBJC_ISA_USAGE = YES_ERROR;
				CLANG_WARN_DOCUMENTATION_COMMENTS = YES;
				CLANG_WARN_EMPTY_BODY = YES;
				CLANG_WARN_ENUM_CONVERSION = YES;
				CLANG_WARN_INFINITE_RECURSION = YES;
				CLANG_WARN_INT_CONVERSION = YES;
				CLANG_WARN_NON_LITERAL_NULL_CONVERSION = YES;
				CLANG_WARN_OBJC_IMPLICIT_RETAIN_SELF = YES;
				CLANG_WARN_OBJC_LITERAL_CONVERSION = YES;
				CLANG_WARN_OBJC_ROOT_CLASS = YES_ERROR;
				CLANG_WARN_QUOTED_INCLUDE_IN_FRAMEWORK_HEADER = YES;
				CLANG_WARN_RANGE_LOOP_ANALYSIS = YES;
				CLANG_WARN_STRICT_PROTOTYPES = YES;
				CLANG_WARN_SUSPICIOUS_MOVE = YES;
				CLANG_WARN_UNGUARDED_AVAILABILITY = YES_AGGRESSIVE;
				CLANG_WARN_UNREACHABLE_CODE = YES;
				CLANG_WARN__DUPLICATE_METHOD_MATCH = YES;
				COPY_PHASE_STRIP = NO;
				DEBUG_INFORMATION_FORMAT = "dwarf-with-dsym";
				ENABLE_NS_ASSERTIONS = NO;
				ENABLE_STRICT_OBJC_MSGSEND = YES;
				GCC_C_LANGUAGE_STANDARD = gnu11;
				GCC_NO_COMMON_BLOCKS = YES;
				GCC_WARN_64_TO_32_BIT_CONVERSION = YES;
				GCC_WARN_ABOUT_RETURN_TYPE = YES_ERROR;
				GCC_WARN_UNDECLARED_SELECTOR = YES;
				GCC_WARN_UNINITIALIZED_AUTOS = YES_AGGRESSIVE;
				GCC_WARN_UNUSED_FUNCTION = YES;
				GCC_WARN_UNUSED_VARIABLE = YES;
				IPHONEOS_DEPLOYMENT_TARGET = 16.0;
				MTL_ENABLE_DEBUG_INFO = NO;
				MTL_FAST_MATH = YES;
				SDKROOT = iphoneos;
				SWIFT_COMPILATION_MODE = wholemodule;
				SWIFT_OPTIMIZATION_LEVEL = "-O";
				VALIDATE_PRODUCT = YES;
			};
			name = Release;
		};
		5CB0AA1D28DECDC100FD4FF1 /* Debug */ = {
			isa = XCBuildConfiguration;
			buildSettings = {
				ASSETCATALOG_COMPILER_APPICON_NAME = AppIcon;
				ASSETCATALOG_COMPILER_GLOBAL_ACCENT_COLOR_NAME = AccentColor;
				CODE_SIGN_STYLE = Automatic;
				CURRENT_PROJECT_VERSION = 1;
				DEVELOPMENT_TEAM = 8SARQFUQQA;
				GENERATE_INFOPLIST_FILE = YES;
				INFOPLIST_FILE = GithubRipoList/Info.plist;
				INFOPLIST_KEY_UIApplicationSupportsIndirectInputEvents = YES;
				INFOPLIST_KEY_UILaunchStoryboardName = LaunchScreen;
				INFOPLIST_KEY_UIMainStoryboardFile = Main;
				INFOPLIST_KEY_UISupportedInterfaceOrientations_iPad = "UIInterfaceOrientationPortrait UIInterfaceOrientationPortraitUpsideDown UIInterfaceOrientationLandscapeLeft UIInterfaceOrientationLandscapeRight";
				INFOPLIST_KEY_UISupportedInterfaceOrientations_iPhone = "UIInterfaceOrientationPortrait UIInterfaceOrientationLandscapeLeft UIInterfaceOrientationLandscapeRight";
				LD_RUNPATH_SEARCH_PATHS = (
					"$(inherited)",
					"@executable_path/Frameworks",
				);
				MARKETING_VERSION = 1.0;
				PRODUCT_BUNDLE_IDENTIFIER = taisei.GithubRipoList;
				PRODUCT_NAME = "$(TARGET_NAME)";
				SWIFT_EMIT_LOC_STRINGS = YES;
				SWIFT_VERSION = 5.0;
				TARGETED_DEVICE_FAMILY = "1,2";
			};
			name = Debug;
		};
		5CB0AA1E28DECDC100FD4FF1 /* Release */ = {
			isa = XCBuildConfiguration;
			buildSettings = {
				ASSETCATALOG_COMPILER_APPICON_NAME = AppIcon;
				ASSETCATALOG_COMPILER_GLOBAL_ACCENT_COLOR_NAME = AccentColor;
				CODE_SIGN_STYLE = Automatic;
				CURRENT_PROJECT_VERSION = 1;
				DEVELOPMENT_TEAM = 8SARQFUQQA;
				GENERATE_INFOPLIST_FILE = YES;
				INFOPLIST_FILE = GithubRipoList/Info.plist;
				INFOPLIST_KEY_UIApplicationSupportsIndirectInputEvents = YES;
				INFOPLIST_KEY_UILaunchStoryboardName = LaunchScreen;
				INFOPLIST_KEY_UIMainStoryboardFile = Main;
				INFOPLIST_KEY_UISupportedInterfaceOrientations_iPad = "UIInterfaceOrientationPortrait UIInterfaceOrientationPortraitUpsideDown UIInterfaceOrientationLandscapeLeft UIInterfaceOrientationLandscapeRight";
				INFOPLIST_KEY_UISupportedInterfaceOrientations_iPhone = "UIInterfaceOrientationPortrait UIInterfaceOrientationLandscapeLeft UIInterfaceOrientationLandscapeRight";
				LD_RUNPATH_SEARCH_PATHS = (
					"$(inherited)",
					"@executable_path/Frameworks",
				);
				MARKETING_VERSION = 1.0;
				PRODUCT_BUNDLE_IDENTIFIER = taisei.GithubRipoList;
				PRODUCT_NAME = "$(TARGET_NAME)";
				SWIFT_EMIT_LOC_STRINGS = YES;
				SWIFT_VERSION = 5.0;
				TARGETED_DEVICE_FAMILY = "1,2";
			};
			name = Release;
		};
/* End XCBuildConfiguration section */

/* Begin XCConfigurationList section */
		5CB0AA0328DECDC100FD4FF1 /* Build configuration list for PBXProject "GithubRipoList" */ = {
			isa = XCConfigurationList;
			buildConfigurations = (
				5CB0AA1A28DECDC100FD4FF1 /* Debug */,
				5CB0AA1B28DECDC100FD4FF1 /* Release */,
			);
			defaultConfigurationIsVisible = 0;
			defaultConfigurationName = Release;
		};
		5CB0AA1C28DECDC100FD4FF1 /* Build configuration list for PBXNativeTarget "GithubRipoList" */ = {
			isa = XCConfigurationList;
			buildConfigurations = (
				5CB0AA1D28DECDC100FD4FF1 /* Debug */,
				5CB0AA1E28DECDC100FD4FF1 /* Release */,
			);
			defaultConfigurationIsVisible = 0;
			defaultConfigurationName = Release;
		};
/* End XCConfigurationList section */
	};
	rootObject = 5CB0AA0028DECDC100FD4FF1 /* Project object */;
}
